// !$*UTF8*$!
{
	archiveVersion = 1;
	classes = {
	};
	objectVersion = 46;
	objects = {

/* Begin PBXBuildFile section */
		D3E7C2D01D9644DF00FBF9CF /* AppDelegate.swift in Sources */ = {isa = PBXBuildFile; fileRef = D3E7C2CF1D9644DF00FBF9CF /* AppDelegate.swift */; };
		D3E7C2D51D9644DF00FBF9CF /* Main.storyboard in Resources */ = {isa = PBXBuildFile; fileRef = D3E7C2D31D9644DF00FBF9CF /* Main.storyboard */; };
		D3E7C2D71D9644DF00FBF9CF /* Assets.xcassets in Resources */ = {isa = PBXBuildFile; fileRef = D3E7C2D61D9644DF00FBF9CF /* Assets.xcassets */; };
		D3E7C2DA1D9644DF00FBF9CF /* LaunchScreen.storyboard in Resources */ = {isa = PBXBuildFile; fileRef = D3E7C2D81D9644DF00FBF9CF /* LaunchScreen.storyboard */; };
		D3E7C2E51D9644DF00FBF9CF /* agile_taskerTests.swift in Sources */ = {isa = PBXBuildFile; fileRef = D3E7C2E41D9644DF00FBF9CF /* agile_taskerTests.swift */; };
		E00777E31D97153A00D92E60 /* CompletedTaskTableViewController.swift in Sources */ = {isa = PBXBuildFile; fileRef = E00777E21D97153A00D92E60 /* CompletedTaskTableViewController.swift */; };
		E00777E51D97155200D92E60 /* CompletedTaskTableViewCell.swift in Sources */ = {isa = PBXBuildFile; fileRef = E00777E41D97155100D92E60 /* CompletedTaskTableViewCell.swift */; };
		E015051A1D965EED001A141D /* NewTaskViewController.swift in Sources */ = {isa = PBXBuildFile; fileRef = E01505191D965EED001A141D /* NewTaskViewController.swift */; };
		E015051C1D965F2E001A141D /* Task.swift in Sources */ = {isa = PBXBuildFile; fileRef = E015051B1D965F2E001A141D /* Task.swift */; };
		E0E2FDC81D9681EB003F80F5 /* TaskTableViewController.swift in Sources */ = {isa = PBXBuildFile; fileRef = E0E2FDC71D9681EB003F80F5 /* TaskTableViewController.swift */; };
		E0E2FDCA1D968308003F80F5 /* TaskTableViewCell.swift in Sources */ = {isa = PBXBuildFile; fileRef = E0E2FDC91D968308003F80F5 /* TaskTableViewCell.swift */; };
/* End PBXBuildFile section */

/* Begin PBXContainerItemProxy section */
		D3E7C2E11D9644DF00FBF9CF /* PBXContainerItemProxy */ = {
			isa = PBXContainerItemProxy;
			containerPortal = D3E7C2C41D9644DE00FBF9CF /* Project object */;
			proxyType = 1;
			remoteGlobalIDString = D3E7C2CB1D9644DE00FBF9CF;
			remoteInfo = "agile-tasker";
		};
/* End PBXContainerItemProxy section */

/* Begin PBXFileReference section */
		D3E7C2CC1D9644DF00FBF9CF /* agile-tasker.app */ = {isa = PBXFileReference; explicitFileType = wrapper.application; includeInIndex = 0; path = "agile-tasker.app"; sourceTree = BUILT_PRODUCTS_DIR; };
		D3E7C2CF1D9644DF00FBF9CF /* AppDelegate.swift */ = {isa = PBXFileReference; lastKnownFileType = sourcecode.swift; path = AppDelegate.swift; sourceTree = "<group>"; };
		D3E7C2D41D9644DF00FBF9CF /* Base */ = {isa = PBXFileReference; lastKnownFileType = file.storyboard; name = Base; path = Base.lproj/Main.storyboard; sourceTree = "<group>"; };
		D3E7C2D61D9644DF00FBF9CF /* Assets.xcassets */ = {isa = PBXFileReference; lastKnownFileType = folder.assetcatalog; path = Assets.xcassets; sourceTree = "<group>"; };
		D3E7C2D91D9644DF00FBF9CF /* Base */ = {isa = PBXFileReference; lastKnownFileType = file.storyboard; name = Base; path = Base.lproj/LaunchScreen.storyboard; sourceTree = "<group>"; };
		D3E7C2DB1D9644DF00FBF9CF /* Info.plist */ = {isa = PBXFileReference; lastKnownFileType = text.plist.xml; path = Info.plist; sourceTree = "<group>"; };
		D3E7C2E01D9644DF00FBF9CF /* agile-taskerTests.xctest */ = {isa = PBXFileReference; explicitFileType = wrapper.cfbundle; includeInIndex = 0; path = "agile-taskerTests.xctest"; sourceTree = BUILT_PRODUCTS_DIR; };
		D3E7C2E41D9644DF00FBF9CF /* agile_taskerTests.swift */ = {isa = PBXFileReference; lastKnownFileType = sourcecode.swift; path = agile_taskerTests.swift; sourceTree = "<group>"; };
		D3E7C2E61D9644DF00FBF9CF /* Info.plist */ = {isa = PBXFileReference; lastKnownFileType = text.plist.xml; path = Info.plist; sourceTree = "<group>"; };
		E00777E21D97153A00D92E60 /* CompletedTaskTableViewController.swift */ = {isa = PBXFileReference; fileEncoding = 4; lastKnownFileType = sourcecode.swift; path = CompletedTaskTableViewController.swift; sourceTree = "<group>"; };
		E00777E41D97155100D92E60 /* CompletedTaskTableViewCell.swift */ = {isa = PBXFileReference; fileEncoding = 4; lastKnownFileType = sourcecode.swift; path = CompletedTaskTableViewCell.swift; sourceTree = "<group>"; };
		E01505191D965EED001A141D /* NewTaskViewController.swift */ = {isa = PBXFileReference; fileEncoding = 4; lastKnownFileType = sourcecode.swift; path = NewTaskViewController.swift; sourceTree = "<group>"; };
		E015051B1D965F2E001A141D /* Task.swift */ = {isa = PBXFileReference; fileEncoding = 4; lastKnownFileType = sourcecode.swift; path = Task.swift; sourceTree = "<group>"; };
		E0E2FDC71D9681EB003F80F5 /* TaskTableViewController.swift */ = {isa = PBXFileReference; fileEncoding = 4; lastKnownFileType = sourcecode.swift; name = TaskTableViewController.swift; path = ../TaskTableViewController.swift; sourceTree = "<group>"; };
		E0E2FDC91D968308003F80F5 /* TaskTableViewCell.swift */ = {isa = PBXFileReference; fileEncoding = 4; lastKnownFileType = sourcecode.swift; path = TaskTableViewCell.swift; sourceTree = "<group>"; };
/* End PBXFileReference section */

/* Begin PBXFrameworksBuildPhase section */
		D3E7C2C91D9644DE00FBF9CF /* Frameworks */ = {
			isa = PBXFrameworksBuildPhase;
			buildActionMask = 2147483647;
			files = (
			);
			runOnlyForDeploymentPostprocessing = 0;
		};
		D3E7C2DD1D9644DF00FBF9CF /* Frameworks */ = {
			isa = PBXFrameworksBuildPhase;
			buildActionMask = 2147483647;
			files = (
			);
			runOnlyForDeploymentPostprocessing = 0;
		};
/* End PBXFrameworksBuildPhase section */

/* Begin PBXGroup section */
		D3E7C2C31D9644DE00FBF9CF = {
			isa = PBXGroup;
			children = (
				D3E7C2CE1D9644DF00FBF9CF /* agile-tasker */,
				D3E7C2E31D9644DF00FBF9CF /* agile-taskerTests */,
				D3E7C2CD1D9644DF00FBF9CF /* Products */,
			);
			sourceTree = "<group>";
		};
		D3E7C2CD1D9644DF00FBF9CF /* Products */ = {
			isa = PBXGroup;
			children = (
				D3E7C2CC1D9644DF00FBF9CF /* agile-tasker.app */,
				D3E7C2E01D9644DF00FBF9CF /* agile-taskerTests.xctest */,
			);
			name = Products;
			sourceTree = "<group>";
		};
		D3E7C2CE1D9644DF00FBF9CF /* agile-tasker */ = {
			isa = PBXGroup;
			children = (
				E0E2FDC71D9681EB003F80F5 /* TaskTableViewController.swift */,
				E00777E21D97153A00D92E60 /* CompletedTaskTableViewController.swift */,
				E00777E41D97155100D92E60 /* CompletedTaskTableViewCell.swift */,
				D3E7C2CF1D9644DF00FBF9CF /* AppDelegate.swift */,
				D3E7C2D31D9644DF00FBF9CF /* Main.storyboard */,
				E0E2FDC91D968308003F80F5 /* TaskTableViewCell.swift */,
				E015051B1D965F2E001A141D /* Task.swift */,
				E01505191D965EED001A141D /* NewTaskViewController.swift */,
				D3E7C2D61D9644DF00FBF9CF /* Assets.xcassets */,
				D3E7C2D81D9644DF00FBF9CF /* LaunchScreen.storyboard */,
				D3E7C2DB1D9644DF00FBF9CF /* Info.plist */,
			);
			path = "agile-tasker";
			sourceTree = "<group>";
		};
		D3E7C2E31D9644DF00FBF9CF /* agile-taskerTests */ = {
			isa = PBXGroup;
			children = (
				D3E7C2E41D9644DF00FBF9CF /* agile_taskerTests.swift */,
				D3E7C2E61D9644DF00FBF9CF /* Info.plist */,
			);
			path = "agile-taskerTests";
			sourceTree = "<group>";
		};
/* End PBXGroup section */

/* Begin PBXNativeTarget section */
		D3E7C2CB1D9644DE00FBF9CF /* agile-tasker */ = {
			isa = PBXNativeTarget;
			buildConfigurationList = D3E7C2E91D9644DF00FBF9CF /* Build configuration list for PBXNativeTarget "agile-tasker" */;
			buildPhases = (
				D3E7C2C81D9644DE00FBF9CF /* Sources */,
				D3E7C2C91D9644DE00FBF9CF /* Frameworks */,
				D3E7C2CA1D9644DE00FBF9CF /* Resources */,
			);
			buildRules = (
			);
			dependencies = (
			);
			name = "agile-tasker";
			productName = "agile-tasker";
			productReference = D3E7C2CC1D9644DF00FBF9CF /* agile-tasker.app */;
			productType = "com.apple.product-type.application";
		};
		D3E7C2DF1D9644DF00FBF9CF /* agile-taskerTests */ = {
			isa = PBXNativeTarget;
			buildConfigurationList = D3E7C2EC1D9644DF00FBF9CF /* Build configuration list for PBXNativeTarget "agile-taskerTests" */;
			buildPhases = (
				D3E7C2DC1D9644DF00FBF9CF /* Sources */,
				D3E7C2DD1D9644DF00FBF9CF /* Frameworks */,
				D3E7C2DE1D9644DF00FBF9CF /* Resources */,
			);
			buildRules = (
			);
			dependencies = (
				D3E7C2E21D9644DF00FBF9CF /* PBXTargetDependency */,
			);
			name = "agile-taskerTests";
			productName = "agile-taskerTests";
			productReference = D3E7C2E01D9644DF00FBF9CF /* agile-taskerTests.xctest */;
			productType = "com.apple.product-type.bundle.unit-test";
		};
/* End PBXNativeTarget section */

/* Begin PBXProject section */
		D3E7C2C41D9644DE00FBF9CF /* Project object */ = {
			isa = PBXProject;
			attributes = {
				LastSwiftUpdateCheck = 0800;
				LastUpgradeCheck = 0800;
				ORGANIZATIONNAME = "Brian Murphy";
				TargetAttributes = {
					D3E7C2CB1D9644DE00FBF9CF = {
						CreatedOnToolsVersion = 8.0;
						ProvisioningStyle = Automatic;
					};
					D3E7C2DF1D9644DF00FBF9CF = {
						CreatedOnToolsVersion = 8.0;
						ProvisioningStyle = Automatic;
						TestTargetID = D3E7C2CB1D9644DE00FBF9CF;
					};
				};
			};
			buildConfigurationList = D3E7C2C71D9644DE00FBF9CF /* Build configuration list for PBXProject "agile-tasker" */;
			compatibilityVersion = "Xcode 3.2";
			developmentRegion = English;
			hasScannedForEncodings = 0;
			knownRegions = (
				en,
				Base,
			);
			mainGroup = D3E7C2C31D9644DE00FBF9CF;
			productRefGroup = D3E7C2CD1D9644DF00FBF9CF /* Products */;
			projectDirPath = "";
			projectRoot = "";
			targets = (
				D3E7C2CB1D9644DE00FBF9CF /* agile-tasker */,
				D3E7C2DF1D9644DF00FBF9CF /* agile-taskerTests */,
			);
		};
/* End PBXProject section */

/* Begin PBXResourcesBuildPhase section */
		D3E7C2CA1D9644DE00FBF9CF /* Resources */ = {
			isa = PBXResourcesBuildPhase;
			buildActionMask = 2147483647;
			files = (
				D3E7C2DA1D9644DF00FBF9CF /* LaunchScreen.storyboard in Resources */,
				D3E7C2D71D9644DF00FBF9CF /* Assets.xcassets in Resources */,
				D3E7C2D51D9644DF00FBF9CF /* Main.storyboard in Resources */,
			);
			runOnlyForDeploymentPostprocessing = 0;
		};
		D3E7C2DE1D9644DF00FBF9CF /* Resources */ = {
			isa = PBXResourcesBuildPhase;
			buildActionMask = 2147483647;
			files = (
			);
			runOnlyForDeploymentPostprocessing = 0;
		};
/* End PBXResourcesBuildPhase section */

/* Begin PBXSourcesBuildPhase section */
		D3E7C2C81D9644DE00FBF9CF /* Sources */ = {
			isa = PBXSourcesBuildPhase;
			buildActionMask = 2147483647;
			files = (
				E00777E51D97155200D92E60 /* CompletedTaskTableViewCell.swift in Sources */,
				E00777E31D97153A00D92E60 /* CompletedTaskTableViewController.swift in Sources */,
				D3E7C2D01D9644DF00FBF9CF /* AppDelegate.swift in Sources */,
				E015051C1D965F2E001A141D /* Task.swift in Sources */,
				E0E2FDCA1D968308003F80F5 /* TaskTableViewCell.swift in Sources */,
				E0E2FDC81D9681EB003F80F5 /* TaskTableViewController.swift in Sources */,
				E015051A1D965EED001A141D /* NewTaskViewController.swift in Sources */,
			);
			runOnlyForDeploymentPostprocessing = 0;
		};
		D3E7C2DC1D9644DF00FBF9CF /* Sources */ = {
			isa = PBXSourcesBuildPhase;
			buildActionMask = 2147483647;
			files = (
				D3E7C2E51D9644DF00FBF9CF /* agile_taskerTests.swift in Sources */,
			);
			runOnlyForDeploymentPostprocessing = 0;
		};
/* End PBXSourcesBuildPhase section */

/* Begin PBXTargetDependency section */
		D3E7C2E21D9644DF00FBF9CF /* PBXTargetDependency */ = {
			isa = PBXTargetDependency;
			target = D3E7C2CB1D9644DE00FBF9CF /* agile-tasker */;
			targetProxy = D3E7C2E11D9644DF00FBF9CF /* PBXContainerItemProxy */;
		};
/* End PBXTargetDependency section */

/* Begin PBXVariantGroup section */
		D3E7C2D31D9644DF00FBF9CF /* Main.storyboard */ = {
			isa = PBXVariantGroup;
			children = (
				D3E7C2D41D9644DF00FBF9CF /* Base */,
			);
			name = Main.storyboard;
			sourceTree = "<group>";
		};
		D3E7C2D81D9644DF00FBF9CF /* LaunchScreen.storyboard */ = {
			isa = PBXVariantGroup;
			children = (
				D3E7C2D91D9644DF00FBF9CF /* Base */,
			);
			name = LaunchScreen.storyboard;
			sourceTree = "<group>";
		};
/* End PBXVariantGroup section */

/* Begin XCBuildConfiguration section */
		D3E7C2E71D9644DF00FBF9CF /* Debug */ = {
			isa = XCBuildConfiguration;
			buildSettings = {
				ALWAYS_SEARCH_USER_PATHS = NO;
				CLANG_ANALYZER_NONNULL = YES;
				CLANG_CXX_LANGUAGE_STANDARD = "gnu++0x";
				CLANG_CXX_LIBRARY = "libc++";
				CLANG_ENABLE_MODULES = YES;
				CLANG_ENABLE_OBJC_ARC = YES;
				CLANG_WARN_BOOL_CONVERSION = YES;
				CLANG_WARN_CONSTANT_CONVERSION = YES;
				CLANG_WARN_DIRECT_OBJC_ISA_USAGE = YES_ERROR;
				CLANG_WARN_DOCUMENTATION_COMMENTS = YES;
				CLANG_WARN_EMPTY_BODY = YES;
				CLANG_WARN_ENUM_CONVERSION = YES;
				CLANG_WARN_INFINITE_RECURSION = YES;
				CLANG_WARN_INT_CONVERSION = YES;
				CLANG_WARN_OBJC_ROOT_CLASS = YES_ERROR;
				CLANG_WARN_SUSPICIOUS_MOVES = YES;
				CLANG_WARN_UNREACHABLE_CODE = YES;
				CLANG_WARN__DUPLICATE_METHOD_MATCH = YES;
				"CODE_SIGN_IDENTITY[sdk=iphoneos*]" = "iPhone Developer";
				COPY_PHASE_STRIP = NO;
				DEBUG_INFORMATION_FORMAT = dwarf;
				ENABLE_STRICT_OBJC_MSGSEND = YES;
				ENABLE_TESTABILITY = YES;
				GCC_C_LANGUAGE_STANDARD = gnu99;
				GCC_DYNAMIC_NO_PIC = NO;
				GCC_NO_COMMON_BLOCKS = YES;
				GCC_OPTIMIZATION_LEVEL = 0;
				GCC_PREPROCESSOR_DEFINITIONS = (
					"DEBUG=1",
					"$(inherited)",
				);
				GCC_WARN_64_TO_32_BIT_CONVERSION = YES;
				GCC_WARN_ABOUT_RETURN_TYPE = YES_ERROR;
				GCC_WARN_UNDECLARED_SELECTOR = YES;
				GCC_WARN_UNINITIALIZED_AUTOS = YES_AGGRESSIVE;
				GCC_WARN_UNUSED_FUNCTION = YES;
				GCC_WARN_UNUSED_VARIABLE = YES;
				IPHONEOS_DEPLOYMENT_TARGET = 10.0;
				MTL_ENABLE_DEBUG_INFO = YES;
				ONLY_ACTIVE_ARCH = YES;
				SDKROOT = iphoneos;
				SWIFT_ACTIVE_COMPILATION_CONDITIONS = DEBUG;
				SWIFT_OPTIMIZATION_LEVEL = "-Onone";
				TARGETED_DEVICE_FAMILY = "1,2";
			};
			name = Debug;
		};
		D3E7C2E81D9644DF00FBF9CF /* Release */ = {
			isa = XCBuildConfiguration;
			buildSettings = {
				ALWAYS_SEARCH_USER_PATHS = NO;
				CLANG_ANALYZER_NONNULL = YES;
				CLANG_CXX_LANGUAGE_STANDARD = "gnu++0x";
				CLANG_CXX_LIBRARY = "libc++";
				CLANG_ENABLE_MODULES = YES;
				CLANG_ENABLE_OBJC_ARC = YES;
				CLANG_WARN_BOOL_CONVERSION = YES;
				CLANG_WARN_CONSTANT_CONVERSION = YES;
				CLANG_WARN_DIRECT_OBJC_ISA_USAGE = YES_ERROR;
				CLANG_WARN_DOCUMENTATION_COMMENTS = YES;
				CLANG_WARN_EMPTY_BODY = YES;
				CLANG_WARN_ENUM_CONVERSION = YES;
				CLANG_WARN_INFINITE_RECURSION = YES;
				CLANG_WARN_INT_CONVERSION = YES;
				CLANG_WARN_OBJC_ROOT_CLASS = YES_ERROR;
				CLANG_WARN_SUSPICIOUS_MOVES = YES;
				CLANG_WARN_UNREACHABLE_CODE = YES;
				CLANG_WARN__DUPLICATE_METHOD_MATCH = YES;
				"CODE_SIGN_IDENTITY[sdk=iphoneos*]" = "iPhone Developer";
				COPY_PHASE_STRIP = NO;
				DEBUG_INFORMATION_FORMAT = "dwarf-with-dsym";
				ENABLE_NS_ASSERTIONS = NO;
				ENABLE_STRICT_OBJC_MSGSEND = YES;
				GCC_C_LANGUAGE_STANDARD = gnu99;
				GCC_NO_COMMON_BLOCKS = YES;
				GCC_WARN_64_TO_32_BIT_CONVERSION = YES;
				GCC_WARN_ABOUT_RETURN_TYPE = YES_ERROR;
				GCC_WARN_UNDECLARED_SELECTOR = YES;
				GCC_WARN_UNINITIALIZED_AUTOS = YES_AGGRESSIVE;
				GCC_WARN_UNUSED_FUNCTION = YES;
				GCC_WARN_UNUSED_VARIABLE = YES;
				IPHONEOS_DEPLOYMENT_TARGET = 10.0;
				MTL_ENABLE_DEBUG_INFO = NO;
				SDKROOT = iphoneos;
				SWIFT_OPTIMIZATION_LEVEL = "-Owholemodule";
				TARGETED_DEVICE_FAMILY = "1,2";
				VALIDATE_PRODUCT = YES;
			};
			name = Release;
		};
		D3E7C2EA1D9644DF00FBF9CF /* Debug */ = {
			isa = XCBuildConfiguration;
			buildSettings = {
				ASSETCATALOG_COMPILER_APPICON_NAME = AppIcon;
				INFOPLIST_FILE = "agile-tasker/Info.plist";
				LD_RUNPATH_SEARCH_PATHS = "$(inherited) @executable_path/Frameworks";
				PRODUCT_BUNDLE_IDENTIFIER = "com.brainmurphy.agile-tasker";
				PRODUCT_NAME = "$(TARGET_NAME)";
				SWIFT_VERSION = 3.0;
			};
			name = Debug;
		};
		D3E7C2EB1D9644DF00FBF9CF /* Release */ = {
			isa = XCBuildConfiguration;
			buildSettings = {
				ASSETCATALOG_COMPILER_APPICON_NAME = AppIcon;
				INFOPLIST_FILE = "agile-tasker/Info.plist";
				LD_RUNPATH_SEARCH_PATHS = "$(inherited) @executable_path/Frameworks";
				PRODUCT_BUNDLE_IDENTIFIER = "com.brainmurphy.agile-tasker";
				PRODUCT_NAME = "$(TARGET_NAME)";
				SWIFT_VERSION = 3.0;
			};
			name = Release;
		};
		D3E7C2ED1D9644DF00FBF9CF /* Debug */ = {
			isa = XCBuildConfiguration;
			buildSettings = {
				ALWAYS_EMBED_SWIFT_STANDARD_LIBRARIES = YES;
				BUNDLE_LOADER = "$(TEST_HOST)";
				INFOPLIST_FILE = "agile-taskerTests/Info.plist";
				LD_RUNPATH_SEARCH_PATHS = "$(inherited) @executable_path/Frameworks @loader_path/Frameworks";
				PRODUCT_BUNDLE_IDENTIFIER = "com.brainmurphy.agile-taskerTests";
				PRODUCT_NAME = "$(TARGET_NAME)";
				SWIFT_VERSION = 3.0;
				TEST_HOST = "$(BUILT_PRODUCTS_DIR)/agile-tasker.app/agile-tasker";
			};
			name = Debug;
		};
		D3E7C2EE1D9644DF00FBF9CF /* Release */ = {
			isa = XCBuildConfiguration;
			buildSettings = {
				ALWAYS_EMBED_SWIFT_STANDARD_LIBRARIES = YES;
				BUNDLE_LOADER = "$(TEST_HOST)";
				INFOPLIST_FILE = "agile-taskerTests/Info.plist";
				LD_RUNPATH_SEARCH_PATHS = "$(inherited) @executable_path/Frameworks @loader_path/Frameworks";
				PRODUCT_BUNDLE_IDENTIFIER = "com.brainmurphy.agile-taskerTests";
				PRODUCT_NAME = "$(TARGET_NAME)";
				SWIFT_VERSION = 3.0;
				TEST_HOST = "$(BUILT_PRODUCTS_DIR)/agile-tasker.app/agile-tasker";
			};
			name = Release;
		};
/* End XCBuildConfiguration section */

/* Begin XCConfigurationList section */
		D3E7C2C71D9644DE00FBF9CF /* Build configuration list for PBXProject "agile-tasker" */ = {
			isa = XCConfigurationList;
			buildConfigurations = (
				D3E7C2E71D9644DF00FBF9CF /* Debug */,
				D3E7C2E81D9644DF00FBF9CF /* Release */,
			);
			defaultConfigurationIsVisible = 0;
			defaultConfigurationName = Release;
		};
		D3E7C2E91D9644DF00FBF9CF /* Build configuration list for PBXNativeTarget "agile-tasker" */ = {
			isa = XCConfigurationList;
			buildConfigurations = (
				D3E7C2EA1D9644DF00FBF9CF /* Debug */,
				D3E7C2EB1D9644DF00FBF9CF /* Release */,
			);
			defaultConfigurationIsVisible = 0;
			defaultConfigurationName = Release;
		};
		D3E7C2EC1D9644DF00FBF9CF /* Build configuration list for PBXNativeTarget "agile-taskerTests" */ = {
			isa = XCConfigurationList;
			buildConfigurations = (
				D3E7C2ED1D9644DF00FBF9CF /* Debug */,
				D3E7C2EE1D9644DF00FBF9CF /* Release */,
			);
			defaultConfigurationIsVisible = 0;
			defaultConfigurationName = Release;
		};
/* End XCConfigurationList section */
	};
	rootObject = D3E7C2C41D9644DE00FBF9CF /* Project object */;
}
